
Microsoft Visual Studio Solution File, Format Version 12.00
# Visual Studio Version 16
VisualStudioVersion = 16.0.31410.357
MinimumVisualStudioVersion = 10.0.40219.1
Project("{FAE04EC0-301F-11D3-BF4B-00C04F79EFBC}") = "WebFormsVue3Template", "src\WebFormsVue3Template.csproj", "{CB1D8534-78A3-42BF-BBD6-1617D7B29C26}"
EndProject
Global
	GlobalSection(SolutionConfigurationPlatforms) = preSolution
		Debug|Any CPU = Debug|Any CPU
		Release|Any CPU = Release|Any CPU
	EndGlobalSection
	GlobalSection(ProjectConfigurationPlatforms) = postSolution
		{CB1D8534-78A3-42BF-BBD6-1617D7B29C26}.Debug|Any CPU.ActiveCfg = Debug|Any CPU
		{CB1D8534-78A3-42BF-BBD6-1617D7B29C26}.Debug|Any CPU.Build.0 = Debug|Any CPU
		{CB1D8534-78A3-42BF-BBD6-1617D7B29C26}.Release|Any CPU.ActiveCfg = Release|Any CPU
		{CB1D8534-78A3-42BF-BBD6-1617D7B29C26}.Release|Any CPU.Build.0 = Release|Any CPU
	EndGlobalSection
	GlobalSection(SolutionProperties) = preSolution
		HideSolutionNode = FALSE
	EndGlobalSection
	GlobalSection(ExtensibilityGlobals) = postSolution
		SolutionGuid = {3EB4BBE5-902E-4FD9-9C3B-058FDD7A4B18}
	EndGlobalSection
EndGlobal
